
Microsoft Visual Studio Solution File, Format Version 12.00
# Visual Studio 2012
Project("{FAE04EC0-301F-11D3-BF4B-00C04F79EFBC}") = "BabyFeed", "BabyFeed\BabyFeed.csproj", "{DBBC6D5C-41E3-4E07-8DA8-1FD0DC326916}"
EndProject
Global
	GlobalSection(SolutionConfigurationPlatforms) = preSolution
		Debug|Any CPU = Debug|Any CPU
		Release|Any CPU = Release|Any CPU
	EndGlobalSection
	GlobalSection(ProjectConfigurationPlatforms) = postSolution
		{DBBC6D5C-41E3-4E07-8DA8-1FD0DC326916}.Debug|Any CPU.ActiveCfg = Debug|Any CPU
		{DBBC6D5C-41E3-4E07-8DA8-1FD0DC326916}.Debug|Any CPU.Build.0 = Debug|Any CPU
		{DBBC6D5C-41E3-4E07-8DA8-1FD0DC326916}.Debug|Any CPU.Deploy.0 = Debug|Any CPU
		{DBBC6D5C-41E3-4E07-8DA8-1FD0DC326916}.Release|Any CPU.ActiveCfg = Release|Any CPU
		{DBBC6D5C-41E3-4E07-8DA8-1FD0DC326916}.Release|Any CPU.Build.0 = Release|Any CPU
		{DBBC6D5C-41E3-4E07-8DA8-1FD0DC326916}.Release|Any CPU.Deploy.0 = Release|Any CPU
	EndGlobalSection
	GlobalSection(SolutionProperties) = preSolution
		HideSolutionNode = FALSE
	EndGlobalSection
EndGlobal
